
Microsoft Visual Studio Solution File, Format Version 12.00
# Visual Studio Version 16
VisualStudioVersion = 16.0.29509.3
MinimumVisualStudioVersion = 10.0.40219.1
Project("{FAE04EC0-301F-11D3-BF4B-00C04F79EFBC}") = "SoundCardECG", "SoundCardECG\SoundCardECG.csproj", "{BBAA3090-4EB1-4181-B0FC-D35903B2E680}"
EndProject
Global
	GlobalSection(SolutionConfigurationPlatforms) = preSolution
		Debug|Any CPU = Debug|Any CPU
		Release|Any CPU = Release|Any CPU
	EndGlobalSection
	GlobalSection(ProjectConfigurationPlatforms) = postSolution
		{BBAA3090-4EB1-4181-B0FC-D35903B2E680}.Debug|Any CPU.ActiveCfg = Debug|Any CPU
		{BBAA3090-4EB1-4181-B0FC-D35903B2E680}.Debug|Any CPU.Build.0 = Debug|Any CPU
		{BBAA3090-4EB1-4181-B0FC-D35903B2E680}.Release|Any CPU.ActiveCfg = Release|Any CPU
		{BBAA3090-4EB1-4181-B0FC-D35903B2E680}.Release|Any CPU.Build.0 = Release|Any CPU
	EndGlobalSection
	GlobalSection(SolutionProperties) = preSolution
		HideSolutionNode = FALSE
	EndGlobalSection
	GlobalSection(ExtensibilityGlobals) = postSolution
		SolutionGuid = {49CF8506-53FC-485E-B9E2-ACF4CAC534DA}
	EndGlobalSection
EndGlobal
